
Microsoft Visual Studio Solution File, Format Version 12.00
# Visual Studio Version 16
VisualStudioVersion = 16.0.30517.126
MinimumVisualStudioVersion = 10.0.40219.1
Project("{8BC9CEB8-8B4A-11D0-8D11-00A0C91BC942}") = "FirstStudy", "FirstStudy\FirstStudy.vcxproj", "{AE64A60A-1B48-4B98-84DB-B28FCE0789EB}"
EndProject
Project("{8BC9CEB8-8B4A-11D0-8D11-00A0C91BC942}") = "Gas_Simulation", "Gas_Simulation\Gas_Simulation.vcxproj", "{D7D4F6EA-FABD-4CDB-BFD5-4EB77B9ADEA3}"
EndProject
Project("{8BC9CEB8-8B4A-11D0-8D11-00A0C91BC942}") = "Euler_Lagrange", "Euler_Lagrange\Euler_Lagrange.vcxproj", "{14F08C24-7B02-4F25-A05B-C11BB353CCAD}"
EndProject
Project("{8BC9CEB8-8B4A-11D0-8D11-00A0C91BC942}") = "Monotone_Chain", "Monotone_Chain\Monotone_Chain.vcxproj", "{C5D14D7B-DF29-4821-BE25-31D3ED94C031}"
EndProject
Project("{FAE04EC0-301F-11D3-BF4B-00C04F79EFBC}") = "Monotone_Console", "Monotone_Console\Monotone_Console.csproj", "{6C3845F0-ECBA-4BE7-9868-DF5D0B3DF78D}"
EndProject
Global
	GlobalSection(SolutionConfigurationPlatforms) = preSolution
		Debug|Any CPU = Debug|Any CPU
		Debug|x64 = Debug|x64
		Debug|x86 = Debug|x86
		Release|Any CPU = Release|Any CPU
		Release|x64 = Release|x64
		Release|x86 = Release|x86
	EndGlobalSection
	GlobalSection(ProjectConfigurationPlatforms) = postSolution
		{AE64A60A-1B48-4B98-84DB-B28FCE0789EB}.Debug|Any CPU.ActiveCfg = Debug|Win32
		{AE64A60A-1B48-4B98-84DB-B28FCE0789EB}.Debug|x64.ActiveCfg = Debug|x64
		{AE64A60A-1B48-4B98-84DB-B28FCE0789EB}.Debug|x64.Build.0 = Debug|x64
		{AE64A60A-1B48-4B98-84DB-B28FCE0789EB}.Debug|x86.ActiveCfg = Debug|Win32
		{AE64A60A-1B48-4B98-84DB-B28FCE0789EB}.Debug|x86.Build.0 = Debug|Win32
		{AE64A60A-1B48-4B98-84DB-B28FCE0789EB}.Release|Any CPU.ActiveCfg = Release|Win32
		{AE64A60A-1B48-4B98-84DB-B28FCE0789EB}.Release|x64.ActiveCfg = Release|x64
		{AE64A60A-1B48-4B98-84DB-B28FCE0789EB}.Release|x64.Build.0 = Release|x64
		{AE64A60A-1B48-4B98-84DB-B28FCE0789EB}.Release|x86.ActiveCfg = Release|Win32
		{AE64A60A-1B48-4B98-84DB-B28FCE0789EB}.Release|x86.Build.0 = Release|Win32
		{D7D4F6EA-FABD-4CDB-BFD5-4EB77B9ADEA3}.Debug|Any CPU.ActiveCfg = Debug|Win32
		{D7D4F6EA-FABD-4CDB-BFD5-4EB77B9ADEA3}.Debug|x64.ActiveCfg = Debug|x64
		{D7D4F6EA-FABD-4CDB-BFD5-4EB77B9ADEA3}.Debug|x64.Build.0 = Debug|x64
		{D7D4F6EA-FABD-4CDB-BFD5-4EB77B9ADEA3}.Debug|x86.ActiveCfg = Debug|Win32
		{D7D4F6EA-FABD-4CDB-BFD5-4EB77B9ADEA3}.Debug|x86.Build.0 = Debug|Win32
		{D7D4F6EA-FABD-4CDB-BFD5-4EB77B9ADEA3}.Release|Any CPU.ActiveCfg = Release|Win32
		{D7D4F6EA-FABD-4CDB-BFD5-4EB77B9ADEA3}.Release|x64.ActiveCfg = Release|x64
		{D7D4F6EA-FABD-4CDB-BFD5-4EB77B9ADEA3}.Release|x64.Build.0 = Release|x64
		{D7D4F6EA-FABD-4CDB-BFD5-4EB77B9ADEA3}.Release|x86.ActiveCfg = Release|Win32
		{D7D4F6EA-FABD-4CDB-BFD5-4EB77B9ADEA3}.Release|x86.Build.0 = Release|Win32
		{14F08C24-7B02-4F25-A05B-C11BB353CCAD}.Debug|Any CPU.ActiveCfg = Debug|Win32
		{14F08C24-7B02-4F25-A05B-C11BB353CCAD}.Debug|x64.ActiveCfg = Debug|x64
		{14F08C24-7B02-4F25-A05B-C11BB353CCAD}.Debug|x64.Build.0 = Debug|x64
		{14F08C24-7B02-4F25-A05B-C11BB353CCAD}.Debug|x86.ActiveCfg = Debug|Win32
		{14F08C24-7B02-4F25-A05B-C11BB353CCAD}.Debug|x86.Build.0 = Debug|Win32
		{14F08C24-7B02-4F25-A05B-C11BB353CCAD}.Release|Any CPU.ActiveCfg = Release|Win32
		{14F08C24-7B02-4F25-A05B-C11BB353CCAD}.Release|x64.ActiveCfg = Release|x64
		{14F08C24-7B02-4F25-A05B-C11BB353CCAD}.Release|x64.Build.0 = Release|x64
		{14F08C24-7B02-4F25-A05B-C11BB353CCAD}.Release|x86.ActiveCfg = Release|Win32
		{14F08C24-7B02-4F25-A05B-C11BB353CCAD}.Release|x86.Build.0 = Release|Win32
		{C5D14D7B-DF29-4821-BE25-31D3ED94C031}.Debug|Any CPU.ActiveCfg = Debug|Win32
		{C5D14D7B-DF29-4821-BE25-31D3ED94C031}.Debug|x64.ActiveCfg = Debug|x64
		{C5D14D7B-DF29-4821-BE25-31D3ED94C031}.Debug|x64.Build.0 = Debug|x64
		{C5D14D7B-DF29-4821-BE25-31D3ED94C031}.Debug|x86.ActiveCfg = Debug|Win32
		{C5D14D7B-DF29-4821-BE25-31D3ED94C031}.Debug|x86.Build.0 = Debug|Win32
		{C5D14D7B-DF29-4821-BE25-31D3ED94C031}.Release|Any CPU.ActiveCfg = Release|Win32
		{C5D14D7B-DF29-4821-BE25-31D3ED94C031}.Release|x64.ActiveCfg = Release|x64
		{C5D14D7B-DF29-4821-BE25-31D3ED94C031}.Release|x64.Build.0 = Release|x64
		{C5D14D7B-DF29-4821-BE25-31D3ED94C031}.Release|x86.ActiveCfg = Release|Win32
		{C5D14D7B-DF29-4821-BE25-31D3ED94C031}.Release|x86.Build.0 = Release|Win32
		{6C3845F0-ECBA-4BE7-9868-DF5D0B3DF78D}.Debug|Any CPU.ActiveCfg = Debug|Any CPU
		{6C3845F0-ECBA-4BE7-9868-DF5D0B3DF78D}.Debug|Any CPU.Build.0 = Debug|Any CPU
		{6C3845F0-ECBA-4BE7-9868-DF5D0B3DF78D}.Debug|x64.ActiveCfg = Debug|Any CPU
		{6C3845F0-ECBA-4BE7-9868-DF5D0B3DF78D}.Debug|x64.Build.0 = Debug|Any CPU
		{6C3845F0-ECBA-4BE7-9868-DF5D0B3DF78D}.Debug|x86.ActiveCfg = Debug|Any CPU
		{6C3845F0-ECBA-4BE7-9868-DF5D0B3DF78D}.Debug|x86.Build.0 = Debug|Any CPU
		{6C3845F0-ECBA-4BE7-9868-DF5D0B3DF78D}.Release|Any CPU.ActiveCfg = Release|Any CPU
		{6C3845F0-ECBA-4BE7-9868-DF5D0B3DF78D}.Release|Any CPU.Build.0 = Release|Any CPU
		{6C3845F0-ECBA-4BE7-9868-DF5D0B3DF78D}.Release|x64.ActiveCfg = Release|Any CPU
		{6C3845F0-ECBA-4BE7-9868-DF5D0B3DF78D}.Release|x64.Build.0 = Release|Any CPU
		{6C3845F0-ECBA-4BE7-9868-DF5D0B3DF78D}.Release|x86.ActiveCfg = Release|Any CPU
		{6C3845F0-ECBA-4BE7-9868-DF5D0B3DF78D}.Release|x86.Build.0 = Release|Any CPU
	EndGlobalSection
	GlobalSection(SolutionProperties) = preSolution
		HideSolutionNode = FALSE
	EndGlobalSection
	GlobalSection(ExtensibilityGlobals) = postSolution
		SolutionGuid = {AE547117-B6A9-45C3-B7A1-7E29E4E7CA79}
	EndGlobalSection
EndGlobal
